
Microsoft Visual Studio Solution File, Format Version 12.00
# Visual Studio Version 16
VisualStudioVersion = 16.0.29728.190
MinimumVisualStudioVersion = 10.0.40219.1
Project("{FAE04EC0-301F-11D3-BF4B-00C04F79EFBC}") = "DataBaseLoginSystemDemo", "DataBaseLoginSystemDemo\DataBaseLoginSystemDemo.csproj", "{F507C734-64A3-4460-9E98-9031D3E0491F}"
EndProject
Global
	GlobalSection(SolutionConfigurationPlatforms) = preSolution
		Debug|Any CPU = Debug|Any CPU
		Release|Any CPU = Release|Any CPU
	EndGlobalSection
	GlobalSection(ProjectConfigurationPlatforms) = postSolution
		{F507C734-64A3-4460-9E98-9031D3E0491F}.Debug|Any CPU.ActiveCfg = Debug|Any CPU
		{F507C734-64A3-4460-9E98-9031D3E0491F}.Debug|Any CPU.Build.0 = Debug|Any CPU
		{F507C734-64A3-4460-9E98-9031D3E0491F}.Release|Any CPU.ActiveCfg = Release|Any CPU
		{F507C734-64A3-4460-9E98-9031D3E0491F}.Release|Any CPU.Build.0 = Release|Any CPU
	EndGlobalSection
	GlobalSection(SolutionProperties) = preSolution
		HideSolutionNode = FALSE
	EndGlobalSection
	GlobalSection(ExtensibilityGlobals) = postSolution
		SolutionGuid = {FE2A3A98-82A7-4190-A20B-5CD57620EA4E}
	EndGlobalSection
EndGlobal
